<?xml version="1.0" encoding="utf-8"?>
<Project ToolsVersion="4.0" xmlns="http://schemas.microsoft.com/developer/msbuild/2003">
  <ItemGroup>
    <Filter Include="Source Files">
      <UniqueIdentifier>{4FC737F1-C7A5-4376-A066-2A32D752A2FF}</UniqueIdentifier>
      <Extensions>cpp;c;cc;cxx;def;odl;idl;hpj;bat;asm;asmx</Extensions>
    </Filter>
    <Filter Include="Header Files">
      <UniqueIdentifier>{93995380-89BD-4b04-88EB-625FBE52EBFB}</UniqueIdentifier>
      <Extensions>h;hh;hpp;hxx;hm;inl;inc;xsd</Extensions>
    </Filter>
    <Filter Include="Resource Files">
      <UniqueIdentifier>{67DA6AB6-F800-4c08-8B7A-83BB121AAD01}</UniqueIdentifier>
      <Extensions>rc;ico;cur;bmp;dlg;rc2;rct;bin;rgs;gif;jpg;jpeg;jpe;resx;tiff;tif;png;wav;mfcribbon-ms</Extensions>
    </Filter>
    <Filter Include="Header Files\Models">
      <UniqueIdentifier>{db05a397-5d20-48d7-9339-6f76f9ffd0a7}</UniqueIdentifier>
    </Filter>
    <Filter Include="Header Files\Util">
      <UniqueIdentifier>{67396421-2efc-4a6c-9be2-777a41bb8d21}</UniqueIdentifier>
    </Filter>
    <Filter Include="Header Files\Factorys">
      <UniqueIdentifier>{0e9baf81-2858-4e9a-82f6-e387609bea6d}</UniqueIdentifier>
    </Filter>
    <Filter Include="Header Files\Controllers">
      <UniqueIdentifier>{cafee755-6f7d-44cf-8303-36f8f9e1c4fe}</UniqueIdentifier>
    </Filter>
    <Filter Include="Source Files\Models">
      <UniqueIdentifier>{da12ae19-00af-4aeb-9cc4-0d5a718fd09a}</UniqueIdentifier>
    </Filter>
    <Filter Include="Source Files\Factorys">
      <UniqueIdentifier>{3efb6532-a86d-4979-ad14-a1004464713c}</UniqueIdentifier>
    </Filter>
    <Filter Include="Source Files\Controllers">
      <UniqueIdentifier>{62d508bb-7d05-4f59-8ace-e47afb03b068}</UniqueIdentifier>
    </Filter>
    <Filter Include="Source Files\Util">
      <UniqueIdentifier>{41df341f-bb0b-4d50-8e0d-4dde09ff02d1}</UniqueIdentifier>
    </Filter>
    <Filter Include="Header Files\Enums">
      <UniqueIdentifier>{b56d1fcd-9ebe-41f4-8e59-298ef59b337c}</UniqueIdentifier>
    </Filter>
    <Filter Include="Source Files\Models\Characters">
      <UniqueIdentifier>{c0c9c6bd-bbe7-4490-adfb-905629cbccf8}</UniqueIdentifier>
    </Filter>
    <Filter Include="Header Files\Models\Characters">
      <UniqueIdentifier>{191ef938-fd77-41db-9115-2f1fca65e99d}</UniqueIdentifier>
    </Filter>
  </ItemGroup>
  <ItemGroup>
    <ClCompile Include="Parser.cpp">
      <Filter>Source Files\Util</Filter>
    </ClCompile>
    <ClCompile Include="BuildingCard.cpp">
      <Filter>Source Files\Models</Filter>
    </ClCompile>
    <ClCompile Include="CharacterCard.cpp">
      <Filter>Source Files\Models</Filter>
    </ClCompile>
    <ClCompile Include="CardFactory.cpp">
      <Filter>Source Files\Factorys</Filter>
    </ClCompile>
    <ClCompile Include="GameController.cpp">
      <Filter>Source Files\Controllers</Filter>
    </ClCompile>
    <ClCompile Include="main.cpp">
      <Filter>Source Files</Filter>
    </ClCompile>
    <ClCompile Include="Player.cpp">
      <Filter>Source Files\Models</Filter>
    </ClCompile>
    <ClCompile Include="Socket.cpp">
      <Filter>Source Files\Util</Filter>
    </ClCompile>
    <ClCompile Include="throw.cpp">
      <Filter>Source Files\Util</Filter>
    </ClCompile>
    <ClCompile Include="Utility.cpp">
      <Filter>Source Files\Util</Filter>
    </ClCompile>
    <ClCompile Include="Murderer.cpp">
      <Filter>Source Files\Models\Characters</Filter>
    </ClCompile>
    <ClCompile Include="Thief.cpp">
      <Filter>Source Files\Models\Characters</Filter>
    </ClCompile>
    <ClCompile Include="Mage.cpp">
      <Filter>Source Files\Models\Characters</Filter>
    </ClCompile>
    <ClCompile Include="King.cpp">
      <Filter>Source Files\Models\Characters</Filter>
    </ClCompile>
    <ClCompile Include="Preacher.cpp">
      <Filter>Source Files\Models\Characters</Filter>
    </ClCompile>
    <ClCompile Include="Merchant.cpp">
      <Filter>Source Files\Models\Characters</Filter>
    </ClCompile>
    <ClCompile Include="Architect.cpp">
      <Filter>Source Files\Models\Characters</Filter>
    </ClCompile>
    <ClCompile Include="Warlord.cpp">
      <Filter>Source Files\Models\Characters</Filter>
    </ClCompile>
    <ClCompile Include="SocketUtil.cpp">
      <Filter>Source Files\Util</Filter>
    </ClCompile>
  </ItemGroup>
  <ItemGroup>
    <ClInclude Include="BuildingCard.h">
      <Filter>Header Files\Models</Filter>
    </ClInclude>
    <ClInclude Include="CharacterCard.h">
      <Filter>Header Files\Models</Filter>
    </ClInclude>
    <ClInclude Include="Card.h">
      <Filter>Header Files\Models</Filter>
    </ClInclude>
    <ClInclude Include="CardFactory.h">
      <Filter>Header Files\Factorys</Filter>
    </ClInclude>
    <ClInclude Include="GameController.h">
      <Filter>Header Files\Controllers</Filter>
    </ClInclude>
    <ClInclude Include="Parser.h">
      <Filter>Header Files\Util</Filter>
    </ClInclude>
    <ClInclude Include="Player.hpp">
      <Filter>Header Files\Models</Filter>
    </ClInclude>
    <ClInclude Include="ClientCommand.h">
      <Filter>Header Files\Util</Filter>
    </ClInclude>
    <ClInclude Include="Socket.h">
      <Filter>Header Files\Util</Filter>
    </ClInclude>
    <ClInclude Include="Sync_queue.h">
      <Filter>Header Files\Util</Filter>
    </ClInclude>
    <ClInclude Include="throw.h">
      <Filter>Header Files\Util</Filter>
    </ClInclude>
    <ClInclude Include="ColorEnum.h">
      <Filter>Header Files\Enums</Filter>
    </ClInclude>
    <ClInclude Include="GameState.h">
      <Filter>Header Files\Enums</Filter>
    </ClInclude>
    <ClInclude Include="Utility.h">
      <Filter>Header Files</Filter>
    </ClInclude>
    <ClInclude Include="Murderer.h">
      <Filter>Header Files\Models\Characters</Filter>
    </ClInclude>
    <ClInclude Include="Thief.h">
      <Filter>Header Files\Models\Characters</Filter>
    </ClInclude>
    <ClInclude Include="Mage.h">
      <Filter>Header Files\Models\Characters</Filter>
    </ClInclude>
    <ClInclude Include="King.h">
      <Filter>Header Files\Models\Characters</Filter>
    </ClInclude>
    <ClInclude Include="Preacher.h">
      <Filter>Header Files\Models\Characters</Filter>
    </ClInclude>
    <ClInclude Include="Merchant.h">
      <Filter>Header Files\Models\Characters</Filter>
    </ClInclude>
    <ClInclude Include="Architect.h">
      <Filter>Header Files\Models\Characters</Filter>
    </ClInclude>
    <ClInclude Include="Warlord.h">
      <Filter>Header Files\Models\Characters</Filter>
    </ClInclude>
    <ClInclude Include="Machiavelli.h">
      <Filter>Header Files</Filter>
    </ClInclude>
    <ClInclude Include="SocketUtil.h">
      <Filter>Header Files</Filter>
    </ClInclude>
  </ItemGroup>
  <ItemGroup>
    <Text Include="characters.txt">
      <Filter>Resource Files</Filter>
    </Text>
    <Text Include="buildings.txt">
      <Filter>Resource Files</Filter>
    </Text>
  </ItemGroup>
</Project>